
Microsoft Visual Studio Solution File, Format Version 12.00
# Visual Studio Version 17
VisualStudioVersion = 17.7.34202.233
MinimumVisualStudioVersion = 10.0.40219.1
Project("{FAE04EC0-301F-11D3-BF4B-00C04F79EFBC}") = "Calculator", "Calculator\Calculator.csproj", "{7AE83CC3-9EFD-4607-9EC7-90014FF72057}"
EndProject
Global
	GlobalSection(SolutionConfigurationPlatforms) = preSolution
		Debug|Any CPU = Debug|Any CPU
		Release|Any CPU = Release|Any CPU
	EndGlobalSection
	GlobalSection(ProjectConfigurationPlatforms) = postSolution
		{7AE83CC3-9EFD-4607-9EC7-90014FF72057}.Debug|Any CPU.ActiveCfg = Debug|Any CPU
		{7AE83CC3-9EFD-4607-9EC7-90014FF72057}.Debug|Any CPU.Build.0 = Debug|Any CPU
		{7AE83CC3-9EFD-4607-9EC7-90014FF72057}.Release|Any CPU.ActiveCfg = Release|Any CPU
		{7AE83CC3-9EFD-4607-9EC7-90014FF72057}.Release|Any CPU.Build.0 = Release|Any CPU
	EndGlobalSection
	GlobalSection(SolutionProperties) = preSolution
		HideSolutionNode = FALSE
	EndGlobalSection
	GlobalSection(ExtensibilityGlobals) = postSolution
		SolutionGuid = {4A414F00-80A5-4941-9465-0046340824F8}
	EndGlobalSection
EndGlobal
